// !$*UTF8*$!
{
	archiveVersion = 1;
	classes = {
	};
	objectVersion = 50;
	objects = {

/* Begin PBXBuildFile section */
		BC7DF03F26DA311C00088203 /* AppDelegate.swift in Sources */ = {isa = PBXBuildFile; fileRef = BC7DF03E26DA311C00088203 /* AppDelegate.swift */; };
		BC7DF04126DA311C00088203 /* SceneDelegate.swift in Sources */ = {isa = PBXBuildFile; fileRef = BC7DF04026DA311C00088203 /* SceneDelegate.swift */; };
		BC7DF04626DA311C00088203 /* Main.storyboard in Resources */ = {isa = PBXBuildFile; fileRef = BC7DF04426DA311C00088203 /* Main.storyboard */; };
		BC7DF04826DA311D00088203 /* Assets.xcassets in Resources */ = {isa = PBXBuildFile; fileRef = BC7DF04726DA311D00088203 /* Assets.xcassets */; };
		BC7DF04B26DA311D00088203 /* LaunchScreen.storyboard in Resources */ = {isa = PBXBuildFile; fileRef = BC7DF04926DA311D00088203 /* LaunchScreen.storyboard */; };
		BC7DF05326DA32E800088203 /* TaskListController.swift in Sources */ = {isa = PBXBuildFile; fileRef = BC7DF05226DA32E800088203 /* TaskListController.swift */; };
		BC7DF05626DA3A2200088203 /* Task.swift in Sources */ = {isa = PBXBuildFile; fileRef = BC7DF05526DA3A2200088203 /* Task.swift */; };
		BC7DF05826DA494200088203 /* TasksStorage.swift in Sources */ = {isa = PBXBuildFile; fileRef = BC7DF05726DA494200088203 /* TasksStorage.swift */; };
		BC7DF05C26DA5C3700088203 /* TaskCell.swift in Sources */ = {isa = PBXBuildFile; fileRef = BC7DF05B26DA5C3700088203 /* TaskCell.swift */; };
		BCC1D36626DBEB7500C2CA85 /* TaskEditController.swift in Sources */ = {isa = PBXBuildFile; fileRef = BCC1D36526DBEB7500C2CA85 /* TaskEditController.swift */; };
		BCC1D36826DBF5ED00C2CA85 /* TaskTypeController.swift in Sources */ = {isa = PBXBuildFile; fileRef = BCC1D36726DBF5ED00C2CA85 /* TaskTypeController.swift */; };
		BCC1D36B26DBFC2100C2CA85 /* TaskTypeCell.swift in Sources */ = {isa = PBXBuildFile; fileRef = BCC1D36926DBFC2100C2CA85 /* TaskTypeCell.swift */; };
		BCC1D36C26DBFC2100C2CA85 /* TaskTypeCell.xib in Resources */ = {isa = PBXBuildFile; fileRef = BCC1D36A26DBFC2100C2CA85 /* TaskTypeCell.xib */; };
/* End PBXBuildFile section */

/* Begin PBXFileReference section */
		BC7DF03B26DA311C00088203 /* To-Do Manager.app */ = {isa = PBXFileReference; explicitFileType = wrapper.application; includeInIndex = 0; path = "To-Do Manager.app"; sourceTree = BUILT_PRODUCTS_DIR; };
		BC7DF03E26DA311C00088203 /* AppDelegate.swift */ = {isa = PBXFileReference; lastKnownFileType = sourcecode.swift; path = AppDelegate.swift; sourceTree = "<group>"; };
		BC7DF04026DA311C00088203 /* SceneDelegate.swift */ = {isa = PBXFileReference; lastKnownFileType = sourcecode.swift; path = SceneDelegate.swift; sourceTree = "<group>"; };
		BC7DF04526DA311C00088203 /* Base */ = {isa = PBXFileReference; lastKnownFileType = file.storyboard; name = Base; path = Base.lproj/Main.storyboard; sourceTree = "<group>"; };
		BC7DF04726DA311D00088203 /* Assets.xcassets */ = {isa = PBXFileReference; lastKnownFileType = folder.assetcatalog; path = Assets.xcassets; sourceTree = "<group>"; };
		BC7DF04A26DA311D00088203 /* Base */ = {isa = PBXFileReference; lastKnownFileType = file.storyboard; name = Base; path = Base.lproj/LaunchScreen.storyboard; sourceTree = "<group>"; };
		BC7DF04C26DA311D00088203 /* Info.plist */ = {isa = PBXFileReference; lastKnownFileType = text.plist.xml; path = Info.plist; sourceTree = "<group>"; };
		BC7DF05226DA32E800088203 /* TaskListController.swift */ = {isa = PBXFileReference; lastKnownFileType = sourcecode.swift; path = TaskListController.swift; sourceTree = "<group>"; };
		BC7DF05526DA3A2200088203 /* Task.swift */ = {isa = PBXFileReference; lastKnownFileType = sourcecode.swift; path = Task.swift; sourceTree = "<group>"; };
		BC7DF05726DA494200088203 /* TasksStorage.swift */ = {isa = PBXFileReference; lastKnownFileType = sourcecode.swift; path = TasksStorage.swift; sourceTree = "<group>"; };
		BC7DF05B26DA5C3700088203 /* TaskCell.swift */ = {isa = PBXFileReference; lastKnownFileType = sourcecode.swift; path = TaskCell.swift; sourceTree = "<group>"; };
		BCC1D36526DBEB7500C2CA85 /* TaskEditController.swift */ = {isa = PBXFileReference; lastKnownFileType = sourcecode.swift; path = TaskEditController.swift; sourceTree = "<group>"; };
		BCC1D36726DBF5ED00C2CA85 /* TaskTypeController.swift */ = {isa = PBXFileReference; lastKnownFileType = sourcecode.swift; path = TaskTypeController.swift; sourceTree = "<group>"; };
		BCC1D36926DBFC2100C2CA85 /* TaskTypeCell.swift */ = {isa = PBXFileReference; lastKnownFileType = sourcecode.swift; path = TaskTypeCell.swift; sourceTree = "<group>"; };
		BCC1D36A26DBFC2100C2CA85 /* TaskTypeCell.xib */ = {isa = PBXFileReference; lastKnownFileType = file.xib; path = TaskTypeCell.xib; sourceTree = "<group>"; };
/* End PBXFileReference section */

/* Begin PBXFrameworksBuildPhase section */
		BC7DF03826DA311C00088203 /* Frameworks */ = {
			isa = PBXFrameworksBuildPhase;
			buildActionMask = 2147483647;
			files = (
			);
			runOnlyForDeploymentPostprocessing = 0;
		};
/* End PBXFrameworksBuildPhase section */

/* Begin PBXGroup section */
		BC7DF03226DA311C00088203 = {
			isa = PBXGroup;
			children = (
				BC7DF05926DA5BE400088203 /* View */,
				BC7DF05426DA3A1400088203 /* Model */,
				BC7DF03D26DA311C00088203 /* To-Do Manager */,
				BC7DF03C26DA311C00088203 /* Products */,
			);
			sourceTree = "<group>";
		};
		BC7DF03C26DA311C00088203 /* Products */ = {
			isa = PBXGroup;
			children = (
				BC7DF03B26DA311C00088203 /* To-Do Manager.app */,
			);
			name = Products;
			sourceTree = "<group>";
		};
		BC7DF03D26DA311C00088203 /* To-Do Manager */ = {
			isa = PBXGroup;
			children = (
				BC7DF03E26DA311C00088203 /* AppDelegate.swift */,
				BC7DF04026DA311C00088203 /* SceneDelegate.swift */,
				BC7DF04426DA311C00088203 /* Main.storyboard */,
				BC7DF04726DA311D00088203 /* Assets.xcassets */,
				BC7DF04926DA311D00088203 /* LaunchScreen.storyboard */,
				BC7DF04C26DA311D00088203 /* Info.plist */,
				BC7DF05226DA32E800088203 /* TaskListController.swift */,
				BCC1D36526DBEB7500C2CA85 /* TaskEditController.swift */,
				BCC1D36726DBF5ED00C2CA85 /* TaskTypeController.swift */,
			);
			path = "To-Do Manager";
			sourceTree = "<group>";
		};
		BC7DF05426DA3A1400088203 /* Model */ = {
			isa = PBXGroup;
			children = (
				BC7DF05526DA3A2200088203 /* Task.swift */,
				BC7DF05726DA494200088203 /* TasksStorage.swift */,
			);
			path = Model;
			sourceTree = "<group>";
		};
		BC7DF05926DA5BE400088203 /* View */ = {
			isa = PBXGroup;
			children = (
				BC7DF05A26DA5BF800088203 /* Cells */,
			);
			path = View;
			sourceTree = "<group>";
		};
		BC7DF05A26DA5BF800088203 /* Cells */ = {
			isa = PBXGroup;
			children = (
				BC7DF05B26DA5C3700088203 /* TaskCell.swift */,
				BCC1D36926DBFC2100C2CA85 /* TaskTypeCell.swift */,
				BCC1D36A26DBFC2100C2CA85 /* TaskTypeCell.xib */,
			);
			path = Cells;
			sourceTree = "<group>";
		};
/* End PBXGroup section */

/* Begin PBXNativeTarget section */
		BC7DF03A26DA311C00088203 /* To-Do Manager */ = {
			isa = PBXNativeTarget;
			buildConfigurationList = BC7DF04F26DA311D00088203 /* Build configuration list for PBXNativeTarget "To-Do Manager" */;
			buildPhases = (
				BC7DF03726DA311C00088203 /* Sources */,
				BC7DF03826DA311C00088203 /* Frameworks */,
				BC7DF03926DA311C00088203 /* Resources */,
			);
			buildRules = (
			);
			dependencies = (
			);
			name = "To-Do Manager";
			productName = "To-Do Manager";
			productReference = BC7DF03B26DA311C00088203 /* To-Do Manager.app */;
			productType = "com.apple.product-type.application";
		};
/* End PBXNativeTarget section */

/* Begin PBXProject section */
		BC7DF03326DA311C00088203 /* Project object */ = {
			isa = PBXProject;
			attributes = {
				LastSwiftUpdateCheck = 1250;
				LastUpgradeCheck = 1250;
				TargetAttributes = {
					BC7DF03A26DA311C00088203 = {
						CreatedOnToolsVersion = 12.5.1;
					};
				};
			};
			buildConfigurationList = BC7DF03626DA311C00088203 /* Build configuration list for PBXProject "To-Do Manager" */;
			compatibilityVersion = "Xcode 9.3";
			developmentRegion = en;
			hasScannedForEncodings = 0;
			knownRegions = (
				en,
				Base,
			);
			mainGroup = BC7DF03226DA311C00088203;
			productRefGroup = BC7DF03C26DA311C00088203 /* Products */;
			projectDirPath = "";
			projectRoot = "";
			targets = (
				BC7DF03A26DA311C00088203 /* To-Do Manager */,
			);
		};
/* End PBXProject section */

/* Begin PBXResourcesBuildPhase section */
		BC7DF03926DA311C00088203 /* Resources */ = {
			isa = PBXResourcesBuildPhase;
			buildActionMask = 2147483647;
			files = (
				BC7DF04B26DA311D00088203 /* LaunchScreen.storyboard in Resources */,
				BC7DF04826DA311D00088203 /* Assets.xcassets in Resources */,
				BCC1D36C26DBFC2100C2CA85 /* TaskTypeCell.xib in Resources */,
				BC7DF04626DA311C00088203 /* Main.storyboard in Resources */,
			);
			runOnlyForDeploymentPostprocessing = 0;
		};
/* End PBXResourcesBuildPhase section */

/* Begin PBXSourcesBuildPhase section */
		BC7DF03726DA311C00088203 /* Sources */ = {
			isa = PBXSourcesBuildPhase;
			buildActionMask = 2147483647;
			files = (
				BC7DF05626DA3A2200088203 /* Task.swift in Sources */,
				BC7DF03F26DA311C00088203 /* AppDelegate.swift in Sources */,
				BC7DF05826DA494200088203 /* TasksStorage.swift in Sources */,
				BC7DF05326DA32E800088203 /* TaskListController.swift in Sources */,
				BCC1D36826DBF5ED00C2CA85 /* TaskTypeController.swift in Sources */,
				BC7DF05C26DA5C3700088203 /* TaskCell.swift in Sources */,
				BC7DF04126DA311C00088203 /* SceneDelegate.swift in Sources */,
				BCC1D36626DBEB7500C2CA85 /* TaskEditController.swift in Sources */,
				BCC1D36B26DBFC2100C2CA85 /* TaskTypeCell.swift in Sources */,
			);
			runOnlyForDeploymentPostprocessing = 0;
		};
/* End PBXSourcesBuildPhase section */

/* Begin PBXVariantGroup section */
		BC7DF04426DA311C00088203 /* Main.storyboard */ = {
			isa = PBXVariantGroup;
			children = (
				BC7DF04526DA311C00088203 /* Base */,
			);
			name = Main.storyboard;
			sourceTree = "<group>";
		};
		BC7DF04926DA311D00088203 /* LaunchScreen.storyboard */ = {
			isa = PBXVariantGroup;
			children = (
				BC7DF04A26DA311D00088203 /* Base */,
			);
			name = LaunchScreen.storyboard;
			sourceTree = "<group>";
		};
/* End PBXVariantGroup section */

/* Begin XCBuildConfiguration section */
		BC7DF04D26DA311D00088203 /* Debug */ = {
			isa = XCBuildConfiguration;
			buildSettings = {
				ALWAYS_SEARCH_USER_PATHS = NO;
				CLANG_ANALYZER_NONNULL = YES;
				CLANG_ANALYZER_NUMBER_OBJECT_CONVERSION = YES_AGGRESSIVE;
				CLANG_CXX_LANGUAGE_STANDARD = "gnu++14";
				CLANG_CXX_LIBRARY = "libc++";
				CLANG_ENABLE_MODULES = YES;
				CLANG_ENABLE_OBJC_ARC = YES;
				CLANG_ENABLE_OBJC_WEAK = YES;
				CLANG_WARN_BLOCK_CAPTURE_AUTORELEASING = YES;
				CLANG_WARN_BOOL_CONVERSION = YES;
				CLANG_WARN_COMMA = YES;
				CLANG_WARN_CONSTANT_CONVERSION = YES;
				CLANG_WARN_DEPRECATED_OBJC_IMPLEMENTATIONS = YES;
				CLANG_WARN_DIRECT_OBJC_ISA_USAGE = YES_ERROR;
				CLANG_WARN_DOCUMENTATION_COMMENTS = YES;
				CLANG_WARN_EMPTY_BODY = YES;
				CLANG_WARN_ENUM_CONVERSION = YES;
				CLANG_WARN_INFINITE_RECURSION = YES;
				CLANG_WARN_INT_CONVERSION = YES;
				CLANG_WARN_NON_LITERAL_NULL_CONVERSION = YES;
				CLANG_WARN_OBJC_IMPLICIT_RETAIN_SELF = YES;
				CLANG_WARN_OBJC_LITERAL_CONVERSION = YES;
				CLANG_WARN_OBJC_ROOT_CLASS = YES_ERROR;
				CLANG_WARN_QUOTED_INCLUDE_IN_FRAMEWORK_HEADER = YES;
				CLANG_WARN_RANGE_LOOP_ANALYSIS = YES;
				CLANG_WARN_STRICT_PROTOTYPES = YES;
				CLANG_WARN_SUSPICIOUS_MOVE = YES;
				CLANG_WARN_UNGUARDED_AVAILABILITY = YES_AGGRESSIVE;
				CLANG_WARN_UNREACHABLE_CODE = YES;
				CLANG_WARN__DUPLICATE_METHOD_MATCH = YES;
				COPY_PHASE_STRIP = NO;
				DEBUG_INFORMATION_FORMAT = dwarf;
				ENABLE_STRICT_OBJC_MSGSEND = YES;
				ENABLE_TESTABILITY = YES;
				GCC_C_LANGUAGE_STANDARD = gnu11;
				GCC_DYNAMIC_NO_PIC = NO;
				GCC_NO_COMMON_BLOCKS = YES;
				GCC_OPTIMIZATION_LEVEL = 0;
				GCC_PREPROCESSOR_DEFINITIONS = (
					"DEBUG=1",
					"$(inherited)",
				);
				GCC_WARN_64_TO_32_BIT_CONVERSION = YES;
				GCC_WARN_ABOUT_RETURN_TYPE = YES_ERROR;
				GCC_WARN_UNDECLARED_SELECTOR = YES;
				GCC_WARN_UNINITIALIZED_AUTOS = YES_AGGRESSIVE;
				GCC_WARN_UNUSED_FUNCTION = YES;
				GCC_WARN_UNUSED_VARIABLE = YES;
				IPHONEOS_DEPLOYMENT_TARGET = 14.5;
				MTL_ENABLE_DEBUG_INFO = INCLUDE_SOURCE;
				MTL_FAST_MATH = YES;
				ONLY_ACTIVE_ARCH = YES;
				SDKROOT = iphoneos;
				SWIFT_ACTIVE_COMPILATION_CONDITIONS = DEBUG;
				SWIFT_OPTIMIZATION_LEVEL = "-Onone";
			};
			name = Debug;
		};
		BC7DF04E26DA311D00088203 /* Release */ = {
			isa = XCBuildConfiguration;
			buildSettings = {
				ALWAYS_SEARCH_USER_PATHS = NO;
				CLANG_ANALYZER_NONNULL = YES;
				CLANG_ANALYZER_NUMBER_OBJECT_CONVERSION = YES_AGGRESSIVE;
				CLANG_CXX_LANGUAGE_STANDARD = "gnu++14";
				CLANG_CXX_LIBRARY = "libc++";
				CLANG_ENABLE_MODULES = YES;
				CLANG_ENABLE_OBJC_ARC = YES;
				CLANG_ENABLE_OBJC_WEAK = YES;
				CLANG_WARN_BLOCK_CAPTURE_AUTORELEASING = YES;
				CLANG_WARN_BOOL_CONVERSION = YES;
				CLANG_WARN_COMMA = YES;
				CLANG_WARN_CONSTANT_CONVERSION = YES;
				CLANG_WARN_DEPRECATED_OBJC_IMPLEMENTATIONS = YES;
				CLANG_WARN_DIRECT_OBJC_ISA_USAGE = YES_ERROR;
				CLANG_WARN_DOCUMENTATION_COMMENTS = YES;
				CLANG_WARN_EMPTY_BODY = YES;
				CLANG_WARN_ENUM_CONVERSION = YES;
				CLANG_WARN_INFINITE_RECURSION = YES;
				CLANG_WARN_INT_CONVERSION = YES;
				CLANG_WARN_NON_LITERAL_NULL_CONVERSION = YES;
				CLANG_WARN_OBJC_IMPLICIT_RETAIN_SELF = YES;
				CLANG_WARN_OBJC_LITERAL_CONVERSION = YES;
				CLANG_WARN_OBJC_ROOT_CLASS = YES_ERROR;
				CLANG_WARN_QUOTED_INCLUDE_IN_FRAMEWORK_HEADER = YES;
				CLANG_WARN_RANGE_LOOP_ANALYSIS = YES;
				CLANG_WARN_STRICT_PROTOTYPES = YES;
				CLANG_WARN_SUSPICIOUS_MOVE = YES;
				CLANG_WARN_UNGUARDED_AVAILABILITY = YES_AGGRESSIVE;
				CLANG_WARN_UNREACHABLE_CODE = YES;
				CLANG_WARN__DUPLICATE_METHOD_MATCH = YES;
				COPY_PHASE_STRIP = NO;
				DEBUG_INFORMATION_FORMAT = "dwarf-with-dsym";
				ENABLE_NS_ASSERTIONS = NO;
				ENABLE_STRICT_OBJC_MSGSEND = YES;
				GCC_C_LANGUAGE_STANDARD = gnu11;
				GCC_NO_COMMON_BLOCKS = YES;
				GCC_WARN_64_TO_32_BIT_CONVERSION = YES;
				GCC_WARN_ABOUT_RETURN_TYPE = YES_ERROR;
				GCC_WARN_UNDECLARED_SELECTOR = YES;
				GCC_WARN_UNINITIALIZED_AUTOS = YES_AGGRESSIVE;
				GCC_WARN_UNUSED_FUNCTION = YES;
				GCC_WARN_UNUSED_VARIABLE = YES;
				IPHONEOS_DEPLOYMENT_TARGET = 14.5;
				MTL_ENABLE_DEBUG_INFO = NO;
				MTL_FAST_MATH = YES;
				SDKROOT = iphoneos;
				SWIFT_COMPILATION_MODE = wholemodule;
				SWIFT_OPTIMIZATION_LEVEL = "-O";
				VALIDATE_PRODUCT = YES;
			};
			name = Release;
		};
		BC7DF05026DA311D00088203 /* Debug */ = {
			isa = XCBuildConfiguration;
			buildSettings = {
				ASSETCATALOG_COMPILER_APPICON_NAME = AppIcon;
				ASSETCATALOG_COMPILER_GLOBAL_ACCENT_COLOR_NAME = AccentColor;
				CODE_SIGN_STYLE = Automatic;
				DEVELOPMENT_TEAM = W5N8F8RRR8;
				INFOPLIST_FILE = "To-Do Manager/Info.plist";
				LD_RUNPATH_SEARCH_PATHS = (
					"$(inherited)",
					"@executable_path/Frameworks",
				);
				PRODUCT_BUNDLE_IDENTIFIER = "My.To-Do-Manager";
				PRODUCT_NAME = "$(TARGET_NAME)";
				SWIFT_VERSION = 5.0;
				TARGETED_DEVICE_FAMILY = "1,2";
			};
			name = Debug;
		};
		BC7DF05126DA311D00088203 /* Release */ = {
			isa = XCBuildConfiguration;
			buildSettings = {
				ASSETCATALOG_COMPILER_APPICON_NAME = AppIcon;
				ASSETCATALOG_COMPILER_GLOBAL_ACCENT_COLOR_NAME = AccentColor;
				CODE_SIGN_STYLE = Automatic;
				DEVELOPMENT_TEAM = W5N8F8RRR8;
				INFOPLIST_FILE = "To-Do Manager/Info.plist";
				LD_RUNPATH_SEARCH_PATHS = (
					"$(inherited)",
					"@executable_path/Frameworks",
				);
				PRODUCT_BUNDLE_IDENTIFIER = "My.To-Do-Manager";
				PRODUCT_NAME = "$(TARGET_NAME)";
				SWIFT_VERSION = 5.0;
				TARGETED_DEVICE_FAMILY = "1,2";
			};
			name = Release;
		};
/* End XCBuildConfiguration section */

/* Begin XCConfigurationList section */
		BC7DF03626DA311C00088203 /* Build configuration list for PBXProject "To-Do Manager" */ = {
			isa = XCConfigurationList;
			buildConfigurations = (
				BC7DF04D26DA311D00088203 /* Debug */,
				BC7DF04E26DA311D00088203 /* Release */,
			);
			defaultConfigurationIsVisible = 0;
			defaultConfigurationName = Release;
		};
		BC7DF04F26DA311D00088203 /* Build configuration list for PBXNativeTarget "To-Do Manager" */ = {
			isa = XCConfigurationList;
			buildConfigurations = (
				BC7DF05026DA311D00088203 /* Debug */,
				BC7DF05126DA311D00088203 /* Release */,
			);
			defaultConfigurationIsVisible = 0;
			defaultConfigurationName = Release;
		};
/* End XCConfigurationList section */
	};
	rootObject = BC7DF03326DA311C00088203 /* Project object */;
}
